// !$*UTF8*$!
{
	archiveVersion = 1;
	classes = {
	};
	objectVersion = 51;
	objects = {

/* Begin PBXBuildFile section */
		47368902258BD0A300131AF5 /* AppDelegate.swift in Sources */ = {isa = PBXBuildFile; fileRef = 47368901258BD0A300131AF5 /* AppDelegate.swift */; };
		47368904258BD0A300131AF5 /* SceneDelegate.swift in Sources */ = {isa = PBXBuildFile; fileRef = 47368903258BD0A300131AF5 /* SceneDelegate.swift */; };
		47368906258BD0A300131AF5 /* ViewController.swift in Sources */ = {isa = PBXBuildFile; fileRef = 47368905258BD0A300131AF5 /* ViewController.swift */; };
		4736890B258BD0A500131AF5 /* Assets.xcassets in Resources */ = {isa = PBXBuildFile; fileRef = 4736890A258BD0A500131AF5 /* Assets.xcassets */; };
		4736890E258BD0A500131AF5 /* LaunchScreen.storyboard in Resources */ = {isa = PBXBuildFile; fileRef = 4736890C258BD0A500131AF5 /* LaunchScreen.storyboard */; };
		4736891D258C27FE00131AF5 /* JankenView.swift in Sources */ = {isa = PBXBuildFile; fileRef = 4736891C258C27FD00131AF5 /* JankenView.swift */; };
		47368920258C2ACD00131AF5 /* Extension.swift in Sources */ = {isa = PBXBuildFile; fileRef = 4736891F258C2ACD00131AF5 /* Extension.swift */; };
		47368923258C309D00131AF5 /* JankenViewController.swift in Sources */ = {isa = PBXBuildFile; fileRef = 47368922258C309D00131AF5 /* JankenViewController.swift */; };
		47368928258C43A900131AF5 /* JankenModel.swift in Sources */ = {isa = PBXBuildFile; fileRef = 47368927258C43A900131AF5 /* JankenModel.swift */; };
		9CA223C024EE22F03695227F /* Pods_MVCJankenApp.framework in Frameworks */ = {isa = PBXBuildFile; fileRef = EF59497C24B09FE40947DA2A /* Pods_MVCJankenApp.framework */; };
/* End PBXBuildFile section */

/* Begin PBXFileReference section */
		473688FE258BD0A300131AF5 /* MVCJankenApp.app */ = {isa = PBXFileReference; explicitFileType = wrapper.application; includeInIndex = 0; path = MVCJankenApp.app; sourceTree = BUILT_PRODUCTS_DIR; };
		47368901258BD0A300131AF5 /* AppDelegate.swift */ = {isa = PBXFileReference; lastKnownFileType = sourcecode.swift; path = AppDelegate.swift; sourceTree = "<group>"; };
		47368903258BD0A300131AF5 /* SceneDelegate.swift */ = {isa = PBXFileReference; lastKnownFileType = sourcecode.swift; path = SceneDelegate.swift; sourceTree = "<group>"; };
		47368905258BD0A300131AF5 /* ViewController.swift */ = {isa = PBXFileReference; lastKnownFileType = sourcecode.swift; path = ViewController.swift; sourceTree = "<group>"; };
		4736890A258BD0A500131AF5 /* Assets.xcassets */ = {isa = PBXFileReference; lastKnownFileType = folder.assetcatalog; path = Assets.xcassets; sourceTree = "<group>"; };
		4736890D258BD0A500131AF5 /* Base */ = {isa = PBXFileReference; lastKnownFileType = file.storyboard; name = Base; path = Base.lproj/LaunchScreen.storyboard; sourceTree = "<group>"; };
		4736890F258BD0A500131AF5 /* Info.plist */ = {isa = PBXFileReference; lastKnownFileType = text.plist.xml; path = Info.plist; sourceTree = "<group>"; };
		4736891C258C27FD00131AF5 /* JankenView.swift */ = {isa = PBXFileReference; lastKnownFileType = sourcecode.swift; path = JankenView.swift; sourceTree = "<group>"; };
		4736891F258C2ACD00131AF5 /* Extension.swift */ = {isa = PBXFileReference; lastKnownFileType = sourcecode.swift; path = Extension.swift; sourceTree = "<group>"; };
		47368922258C309D00131AF5 /* JankenViewController.swift */ = {isa = PBXFileReference; lastKnownFileType = sourcecode.swift; path = JankenViewController.swift; sourceTree = "<group>"; };
		47368927258C43A900131AF5 /* JankenModel.swift */ = {isa = PBXFileReference; lastKnownFileType = sourcecode.swift; path = JankenModel.swift; sourceTree = "<group>"; };
		74E25C9BFF12F3CCDEDEBC69 /* Pods-MVCJankenApp.release.xcconfig */ = {isa = PBXFileReference; includeInIndex = 1; lastKnownFileType = text.xcconfig; name = "Pods-MVCJankenApp.release.xcconfig"; path = "Target Support Files/Pods-MVCJankenApp/Pods-MVCJankenApp.release.xcconfig"; sourceTree = "<group>"; };
		90FFF35515777BD80AE6DCF7 /* Pods-MVCJankenApp.debug.xcconfig */ = {isa = PBXFileReference; includeInIndex = 1; lastKnownFileType = text.xcconfig; name = "Pods-MVCJankenApp.debug.xcconfig"; path = "Target Support Files/Pods-MVCJankenApp/Pods-MVCJankenApp.debug.xcconfig"; sourceTree = "<group>"; };
		EF59497C24B09FE40947DA2A /* Pods_MVCJankenApp.framework */ = {isa = PBXFileReference; explicitFileType = wrapper.framework; includeInIndex = 0; path = Pods_MVCJankenApp.framework; sourceTree = BUILT_PRODUCTS_DIR; };
/* End PBXFileReference section */

/* Begin PBXFrameworksBuildPhase section */
		473688FB258BD0A300131AF5 /* Frameworks */ = {
			isa = PBXFrameworksBuildPhase;
			buildActionMask = 2147483647;
			files = (
				9CA223C024EE22F03695227F /* Pods_MVCJankenApp.framework in Frameworks */,
			);
			runOnlyForDeploymentPostprocessing = 0;
		};
/* End PBXFrameworksBuildPhase section */

/* Begin PBXGroup section */
		20F1CFE37883140E88553438 /* Pods */ = {
			isa = PBXGroup;
			children = (
				90FFF35515777BD80AE6DCF7 /* Pods-MVCJankenApp.debug.xcconfig */,
				74E25C9BFF12F3CCDEDEBC69 /* Pods-MVCJankenApp.release.xcconfig */,
			);
			path = Pods;
			sourceTree = "<group>";
		};
		473688F5258BD0A300131AF5 = {
			isa = PBXGroup;
			children = (
				47368900258BD0A300131AF5 /* MVCJankenApp */,
				473688FF258BD0A300131AF5 /* Products */,
				20F1CFE37883140E88553438 /* Pods */,
				97F8097ABE7A3E93713DFB42 /* Frameworks */,
			);
			sourceTree = "<group>";
		};
		473688FF258BD0A300131AF5 /* Products */ = {
			isa = PBXGroup;
			children = (
				473688FE258BD0A300131AF5 /* MVCJankenApp.app */,
			);
			name = Products;
			sourceTree = "<group>";
		};
		47368900258BD0A300131AF5 /* MVCJankenApp */ = {
			isa = PBXGroup;
			children = (
				47368918258BD13800131AF5 /* Model */,
				47368917258BD13200131AF5 /* View */,
				47368916258BD12900131AF5 /* Controller */,
				47368901258BD0A300131AF5 /* AppDelegate.swift */,
				47368903258BD0A300131AF5 /* SceneDelegate.swift */,
				47368905258BD0A300131AF5 /* ViewController.swift */,
				4736890A258BD0A500131AF5 /* Assets.xcassets */,
				4736890C258BD0A500131AF5 /* LaunchScreen.storyboard */,
				4736890F258BD0A500131AF5 /* Info.plist */,
				4736891F258C2ACD00131AF5 /* Extension.swift */,
			);
			path = MVCJankenApp;
			sourceTree = "<group>";
		};
		47368916258BD12900131AF5 /* Controller */ = {
			isa = PBXGroup;
			children = (
				47368922258C309D00131AF5 /* JankenViewController.swift */,
			);
			path = Controller;
			sourceTree = "<group>";
		};
		47368917258BD13200131AF5 /* View */ = {
			isa = PBXGroup;
			children = (
				4736891C258C27FD00131AF5 /* JankenView.swift */,
			);
			path = View;
			sourceTree = "<group>";
		};
		47368918258BD13800131AF5 /* Model */ = {
			isa = PBXGroup;
			children = (
				47368927258C43A900131AF5 /* JankenModel.swift */,
			);
			path = Model;
			sourceTree = "<group>";
		};
		97F8097ABE7A3E93713DFB42 /* Frameworks */ = {
			isa = PBXGroup;
			children = (
				EF59497C24B09FE40947DA2A /* Pods_MVCJankenApp.framework */,
			);
			name = Frameworks;
			sourceTree = "<group>";
		};
/* End PBXGroup section */

/* Begin PBXNativeTarget section */
		473688FD258BD0A300131AF5 /* MVCJankenApp */ = {
			isa = PBXNativeTarget;
			buildConfigurationList = 47368912258BD0A500131AF5 /* Build configuration list for PBXNativeTarget "MVCJankenApp" */;
			buildPhases = (
				35092132C07319946D0ACC01 /* [CP] Check Pods Manifest.lock */,
				473688FA258BD0A300131AF5 /* Sources */,
				473688FB258BD0A300131AF5 /* Frameworks */,
				473688FC258BD0A300131AF5 /* Resources */,
				AD78823038913E8E6F5E7C49 /* [CP] Embed Pods Frameworks */,
			);
			buildRules = (
			);
			dependencies = (
			);
			name = MVCJankenApp;
			productName = MVCJankenApp;
			productReference = 473688FE258BD0A300131AF5 /* MVCJankenApp.app */;
			productType = "com.apple.product-type.application";
		};
/* End PBXNativeTarget section */

/* Begin PBXProject section */
		473688F6258BD0A300131AF5 /* Project object */ = {
			isa = PBXProject;
			attributes = {
				LastSwiftUpdateCheck = 1230;
				LastUpgradeCheck = 1230;
				TargetAttributes = {
					473688FD258BD0A300131AF5 = {
						CreatedOnToolsVersion = 12.3;
					};
				};
			};
			buildConfigurationList = 473688F9258BD0A300131AF5 /* Build configuration list for PBXProject "MVCJankenApp" */;
			compatibilityVersion = "Xcode 9.3";
			developmentRegion = en;
			hasScannedForEncodings = 0;
			knownRegions = (
				en,
				Base,
			);
			mainGroup = 473688F5258BD0A300131AF5;
			productRefGroup = 473688FF258BD0A300131AF5 /* Products */;
			projectDirPath = "";
			projectRoot = "";
			targets = (
				473688FD258BD0A300131AF5 /* MVCJankenApp */,
			);
		};
/* End PBXProject section */

/* Begin PBXResourcesBuildPhase section */
		473688FC258BD0A300131AF5 /* Resources */ = {
			isa = PBXResourcesBuildPhase;
			buildActionMask = 2147483647;
			files = (
				4736890E258BD0A500131AF5 /* LaunchScreen.storyboard in Resources */,
				4736890B258BD0A500131AF5 /* Assets.xcassets in Resources */,
			);
			runOnlyForDeploymentPostprocessing = 0;
		};
/* End PBXResourcesBuildPhase section */

/* Begin PBXShellScriptBuildPhase section */
		35092132C07319946D0ACC01 /* [CP] Check Pods Manifest.lock */ = {
			isa = PBXShellScriptBuildPhase;
			buildActionMask = 2147483647;
			files = (
			);
			inputFileListPaths = (
			);
			inputPaths = (
				"${PODS_PODFILE_DIR_PATH}/Podfile.lock",
				"${PODS_ROOT}/Manifest.lock",
			);
			name = "[CP] Check Pods Manifest.lock";
			outputFileListPaths = (
			);
			outputPaths = (
				"$(DERIVED_FILE_DIR)/Pods-MVCJankenApp-checkManifestLockResult.txt",
			);
			runOnlyForDeploymentPostprocessing = 0;
			shellPath = /bin/sh;
			shellScript = "diff \"${PODS_PODFILE_DIR_PATH}/Podfile.lock\" \"${PODS_ROOT}/Manifest.lock\" > /dev/null\nif [ $? != 0 ] ; then\n    # print error to STDERR\n    echo \"error: The sandbox is not in sync with the Podfile.lock. Run 'pod install' or update your CocoaPods installation.\" >&2\n    exit 1\nfi\n# This output is used by Xcode 'outputs' to avoid re-running this script phase.\necho \"SUCCESS\" > \"${SCRIPT_OUTPUT_FILE_0}\"\n";
			showEnvVarsInLog = 0;
		};
		AD78823038913E8E6F5E7C49 /* [CP] Embed Pods Frameworks */ = {
			isa = PBXShellScriptBuildPhase;
			buildActionMask = 2147483647;
			files = (
			);
			inputFileListPaths = (
				"${PODS_ROOT}/Target Support Files/Pods-MVCJankenApp/Pods-MVCJankenApp-frameworks-${CONFIGURATION}-input-files.xcfilelist",
			);
			name = "[CP] Embed Pods Frameworks";
			outputFileListPaths = (
				"${PODS_ROOT}/Target Support Files/Pods-MVCJankenApp/Pods-MVCJankenApp-frameworks-${CONFIGURATION}-output-files.xcfilelist",
			);
			runOnlyForDeploymentPostprocessing = 0;
			shellPath = /bin/sh;
			shellScript = "\"${PODS_ROOT}/Target Support Files/Pods-MVCJankenApp/Pods-MVCJankenApp-frameworks.sh\"\n";
			showEnvVarsInLog = 0;
		};
/* End PBXShellScriptBuildPhase section */

/* Begin PBXSourcesBuildPhase section */
		473688FA258BD0A300131AF5 /* Sources */ = {
			isa = PBXSourcesBuildPhase;
			buildActionMask = 2147483647;
			files = (
				47368920258C2ACD00131AF5 /* Extension.swift in Sources */,
				47368923258C309D00131AF5 /* JankenViewController.swift in Sources */,
				47368906258BD0A300131AF5 /* ViewController.swift in Sources */,
				4736891D258C27FE00131AF5 /* JankenView.swift in Sources */,
				47368902258BD0A300131AF5 /* AppDelegate.swift in Sources */,
				47368904258BD0A300131AF5 /* SceneDelegate.swift in Sources */,
				47368928258C43A900131AF5 /* JankenModel.swift in Sources */,
			);
			runOnlyForDeploymentPostprocessing = 0;
		};
/* End PBXSourcesBuildPhase section */

/* Begin PBXVariantGroup section */
		4736890C258BD0A500131AF5 /* LaunchScreen.storyboard */ = {
			isa = PBXVariantGroup;
			children = (
				4736890D258BD0A500131AF5 /* Base */,
			);
			name = LaunchScreen.storyboard;
			sourceTree = "<group>";
		};
/* End PBXVariantGroup section */

/* Begin XCBuildConfiguration section */
		47368910258BD0A500131AF5 /* Debug */ = {
			isa = XCBuildConfiguration;
			buildSettings = {
				ALWAYS_SEARCH_USER_PATHS = NO;
				CLANG_ANALYZER_NONNULL = YES;
				CLANG_ANALYZER_NUMBER_OBJECT_CONVERSION = YES_AGGRESSIVE;
				CLANG_CXX_LANGUAGE_STANDARD = "gnu++14";
				CLANG_CXX_LIBRARY = "libc++";
				CLANG_ENABLE_MODULES = YES;
				CLANG_ENABLE_OBJC_ARC = YES;
				CLANG_ENABLE_OBJC_WEAK = YES;
				CLANG_WARN_BLOCK_CAPTURE_AUTORELEASING = YES;
				CLANG_WARN_BOOL_CONVERSION = YES;
				CLANG_WARN_COMMA = YES;
				CLANG_WARN_CONSTANT_CONVERSION = YES;
				CLANG_WARN_DEPRECATED_OBJC_IMPLEMENTATIONS = YES;
				CLANG_WARN_DIRECT_OBJC_ISA_USAGE = YES_ERROR;
				CLANG_WARN_DOCUMENTATION_COMMENTS = YES;
				CLANG_WARN_EMPTY_BODY = YES;
				CLANG_WARN_ENUM_CONVERSION = YES;
				CLANG_WARN_INFINITE_RECURSION = YES;
				CLANG_WARN_INT_CONVERSION = YES;
				CLANG_WARN_NON_LITERAL_NULL_CONVERSION = YES;
				CLANG_WARN_OBJC_IMPLICIT_RETAIN_SELF = YES;
				CLANG_WARN_OBJC_LITERAL_CONVERSION = YES;
				CLANG_WARN_OBJC_ROOT_CLASS = YES_ERROR;
				CLANG_WARN_QUOTED_INCLUDE_IN_FRAMEWORK_HEADER = YES;
				CLANG_WARN_RANGE_LOOP_ANALYSIS = YES;
				CLANG_WARN_STRICT_PROTOTYPES = YES;
				CLANG_WARN_SUSPICIOUS_MOVE = YES;
				CLANG_WARN_UNGUARDED_AVAILABILITY = YES_AGGRESSIVE;
				CLANG_WARN_UNREACHABLE_CODE = YES;
				CLANG_WARN__DUPLICATE_METHOD_MATCH = YES;
				COPY_PHASE_STRIP = NO;
				DEBUG_INFORMATION_FORMAT = dwarf;
				ENABLE_STRICT_OBJC_MSGSEND = YES;
				ENABLE_TESTABILITY = YES;
				GCC_C_LANGUAGE_STANDARD = gnu11;
				GCC_DYNAMIC_NO_PIC = NO;
				GCC_NO_COMMON_BLOCKS = YES;
				GCC_OPTIMIZATION_LEVEL = 0;
				GCC_PREPROCESSOR_DEFINITIONS = (
					"DEBUG=1",
					"$(inherited)",
				);
				GCC_WARN_64_TO_32_BIT_CONVERSION = YES;
				GCC_WARN_ABOUT_RETURN_TYPE = YES_ERROR;
				GCC_WARN_UNDECLARED_SELECTOR = YES;
				GCC_WARN_UNINITIALIZED_AUTOS = YES_AGGRESSIVE;
				GCC_WARN_UNUSED_FUNCTION = YES;
				GCC_WARN_UNUSED_VARIABLE = YES;
				IPHONEOS_DEPLOYMENT_TARGET = 14.3;
				MTL_ENABLE_DEBUG_INFO = INCLUDE_SOURCE;
				MTL_FAST_MATH = YES;
				ONLY_ACTIVE_ARCH = YES;
				SDKROOT = iphoneos;
				SWIFT_ACTIVE_COMPILATION_CONDITIONS = DEBUG;
				SWIFT_OPTIMIZATION_LEVEL = "-Onone";
			};
			name = Debug;
		};
		47368911258BD0A500131AF5 /* Release */ = {
			isa = XCBuildConfiguration;
			buildSettings = {
				ALWAYS_SEARCH_USER_PATHS = NO;
				CLANG_ANALYZER_NONNULL = YES;
				CLANG_ANALYZER_NUMBER_OBJECT_CONVERSION = YES_AGGRESSIVE;
				CLANG_CXX_LANGUAGE_STANDARD = "gnu++14";
				CLANG_CXX_LIBRARY = "libc++";
				CLANG_ENABLE_MODULES = YES;
				CLANG_ENABLE_OBJC_ARC = YES;
				CLANG_ENABLE_OBJC_WEAK = YES;
				CLANG_WARN_BLOCK_CAPTURE_AUTORELEASING = YES;
				CLANG_WARN_BOOL_CONVERSION = YES;
				CLANG_WARN_COMMA = YES;
				CLANG_WARN_CONSTANT_CONVERSION = YES;
				CLANG_WARN_DEPRECATED_OBJC_IMPLEMENTATIONS = YES;
				CLANG_WARN_DIRECT_OBJC_ISA_USAGE = YES_ERROR;
				CLANG_WARN_DOCUMENTATION_COMMENTS = YES;
				CLANG_WARN_EMPTY_BODY = YES;
				CLANG_WARN_ENUM_CONVERSION = YES;
				CLANG_WARN_INFINITE_RECURSION = YES;
				CLANG_WARN_INT_CONVERSION = YES;
				CLANG_WARN_NON_LITERAL_NULL_CONVERSION = YES;
				CLANG_WARN_OBJC_IMPLICIT_RETAIN_SELF = YES;
				CLANG_WARN_OBJC_LITERAL_CONVERSION = YES;
				CLANG_WARN_OBJC_ROOT_CLASS = YES_ERROR;
				CLANG_WARN_QUOTED_INCLUDE_IN_FRAMEWORK_HEADER = YES;
				CLANG_WARN_RANGE_LOOP_ANALYSIS = YES;
				CLANG_WARN_STRICT_PROTOTYPES = YES;
				CLANG_WARN_SUSPICIOUS_MOVE = YES;
				CLANG_WARN_UNGUARDED_AVAILABILITY = YES_AGGRESSIVE;
				CLANG_WARN_UNREACHABLE_CODE = YES;
				CLANG_WARN__DUPLICATE_METHOD_MATCH = YES;
				COPY_PHASE_STRIP = NO;
				DEBUG_INFORMATION_FORMAT = "dwarf-with-dsym";
				ENABLE_NS_ASSERTIONS = NO;
				ENABLE_STRICT_OBJC_MSGSEND = YES;
				GCC_C_LANGUAGE_STANDARD = gnu11;
				GCC_NO_COMMON_BLOCKS = YES;
				GCC_WARN_64_TO_32_BIT_CONVERSION = YES;
				GCC_WARN_ABOUT_RETURN_TYPE = YES_ERROR;
				GCC_WARN_UNDECLARED_SELECTOR = YES;
				GCC_WARN_UNINITIALIZED_AUTOS = YES_AGGRESSIVE;
				GCC_WARN_UNUSED_FUNCTION = YES;
				GCC_WARN_UNUSED_VARIABLE = YES;
				IPHONEOS_DEPLOYMENT_TARGET = 14.3;
				MTL_ENABLE_DEBUG_INFO = NO;
				MTL_FAST_MATH = YES;
				SDKROOT = iphoneos;
				SWIFT_COMPILATION_MODE = wholemodule;
				SWIFT_OPTIMIZATION_LEVEL = "-O";
				VALIDATE_PRODUCT = YES;
			};
			name = Release;
		};
		47368913258BD0A500131AF5 /* Debug */ = {
			isa = XCBuildConfiguration;
			baseConfigurationReference = 90FFF35515777BD80AE6DCF7 /* Pods-MVCJankenApp.debug.xcconfig */;
			buildSettings = {
				ASSETCATALOG_COMPILER_APPICON_NAME = AppIcon;
				ASSETCATALOG_COMPILER_GLOBAL_ACCENT_COLOR_NAME = AccentColor;
				CODE_SIGN_STYLE = Automatic;
				DEVELOPMENT_TEAM = B75CP82UAG;
				INFOPLIST_FILE = MVCJankenApp/Info.plist;
				LD_RUNPATH_SEARCH_PATHS = (
					"$(inherited)",
					"@executable_path/Frameworks",
				);
				PRODUCT_BUNDLE_IDENTIFIER = otsuka.amane.MVCJankenApp;
				PRODUCT_NAME = "$(TARGET_NAME)";
				SWIFT_VERSION = 5.0;
				TARGETED_DEVICE_FAMILY = "1,2";
			};
			name = Debug;
		};
		47368914258BD0A500131AF5 /* Release */ = {
			isa = XCBuildConfiguration;
			baseConfigurationReference = 74E25C9BFF12F3CCDEDEBC69 /* Pods-MVCJankenApp.release.xcconfig */;
			buildSettings = {
				ASSETCATALOG_COMPILER_APPICON_NAME = AppIcon;
				ASSETCATALOG_COMPILER_GLOBAL_ACCENT_COLOR_NAME = AccentColor;
				CODE_SIGN_STYLE = Automatic;
				DEVELOPMENT_TEAM = B75CP82UAG;
				INFOPLIST_FILE = MVCJankenApp/Info.plist;
				LD_RUNPATH_SEARCH_PATHS = (
					"$(inherited)",
					"@executable_path/Frameworks",
				);
				PRODUCT_BUNDLE_IDENTIFIER = otsuka.amane.MVCJankenApp;
				PRODUCT_NAME = "$(TARGET_NAME)";
				SWIFT_VERSION = 5.0;
				TARGETED_DEVICE_FAMILY = "1,2";
			};
			name = Release;
		};
/* End XCBuildConfiguration section */

/* Begin XCConfigurationList section */
		473688F9258BD0A300131AF5 /* Build configuration list for PBXProject "MVCJankenApp" */ = {
			isa = XCConfigurationList;
			buildConfigurations = (
				47368910258BD0A500131AF5 /* Debug */,
				47368911258BD0A500131AF5 /* Release */,
			);
			defaultConfigurationIsVisible = 0;
			defaultConfigurationName = Release;
		};
		47368912258BD0A500131AF5 /* Build configuration list for PBXNativeTarget "MVCJankenApp" */ = {
			isa = XCConfigurationList;
			buildConfigurations = (
				47368913258BD0A500131AF5 /* Debug */,
				47368914258BD0A500131AF5 /* Release */,
			);
			defaultConfigurationIsVisible = 0;
			defaultConfigurationName = Release;
		};
/* End XCConfigurationList section */
	};
	rootObject = 473688F6258BD0A300131AF5 /* Project object */;
}
